
Microsoft Visual Studio Solution File, Format Version 12.00
# Visual Studio 14
VisualStudioVersion = 14.0.24720.0
MinimumVisualStudioVersion = 10.0.40219.1
Project("{FAE04EC0-301F-11D3-BF4B-00C04F79EFBC}") = "OurMeetingPoint", "OurMeetingPoint\OurMeetingPoint.csproj", "{5861E726-345C-4DE8-947C-CB44137B5896}"
EndProject
Project("{FAE04EC0-301F-11D3-BF4B-00C04F79EFBC}") = "OurMeetingPointClient", "OurMeetingPointClient\OurMeetingPointClient.csproj", "{FE1FCBF7-D32C-4547-8A79-4E4C50073C0D}"
EndProject
Global
	GlobalSection(SolutionConfigurationPlatforms) = preSolution
		Debug|Any CPU = Debug|Any CPU
		Release|Any CPU = Release|Any CPU
	EndGlobalSection
	GlobalSection(ProjectConfigurationPlatforms) = postSolution
		{5861E726-345C-4DE8-947C-CB44137B5896}.Debug|Any CPU.ActiveCfg = Debug|Any CPU
		{5861E726-345C-4DE8-947C-CB44137B5896}.Debug|Any CPU.Build.0 = Debug|Any CPU
		{5861E726-345C-4DE8-947C-CB44137B5896}.Release|Any CPU.ActiveCfg = Release|Any CPU
		{5861E726-345C-4DE8-947C-CB44137B5896}.Release|Any CPU.Build.0 = Release|Any CPU
		{FE1FCBF7-D32C-4547-8A79-4E4C50073C0D}.Debug|Any CPU.ActiveCfg = Debug|Any CPU
		{FE1FCBF7-D32C-4547-8A79-4E4C50073C0D}.Debug|Any CPU.Build.0 = Debug|Any CPU
		{FE1FCBF7-D32C-4547-8A79-4E4C50073C0D}.Release|Any CPU.ActiveCfg = Release|Any CPU
		{FE1FCBF7-D32C-4547-8A79-4E4C50073C0D}.Release|Any CPU.Build.0 = Release|Any CPU
	EndGlobalSection
	GlobalSection(SolutionProperties) = preSolution
		HideSolutionNode = FALSE
	EndGlobalSection
EndGlobal
